
Microsoft Visual Studio Solution File, Format Version 12.00
# Visual Studio Version 17
VisualStudioVersion = 17.5.33627.172
MinimumVisualStudioVersion = 10.0.40219.1
Project("{9A19103F-16F7-4668-BE54-9A1E7A4F7556}") = "二分查找", "二分查找.csproj", "{D8797A88-C050-4F6C-81E2-F1DBC9F1460D}"
EndProject
Project("{2150E333-8FDC-42A3-9474-1A3956D46DE8}") = "数组", "数组", "{451EC411-CCDF-4438-A86E-ACD27A6EB92B}"
EndProject
Project("{FAE04EC0-301F-11D3-BF4B-00C04F79EFBC}") = "双指针", "..\快慢指针\双指针.csproj", "{CF60A192-F534-46CD-A5A1-26D7A416F21B}"
EndProject
Global
	GlobalSection(SolutionConfigurationPlatforms) = preSolution
		Debug|Any CPU = Debug|Any CPU
		Release|Any CPU = Release|Any CPU
	EndGlobalSection
	GlobalSection(ProjectConfigurationPlatforms) = postSolution
		{D8797A88-C050-4F6C-81E2-F1DBC9F1460D}.Debug|Any CPU.ActiveCfg = Debug|Any CPU
		{D8797A88-C050-4F6C-81E2-F1DBC9F1460D}.Debug|Any CPU.Build.0 = Debug|Any CPU
		{D8797A88-C050-4F6C-81E2-F1DBC9F1460D}.Release|Any CPU.ActiveCfg = Release|Any CPU
		{D8797A88-C050-4F6C-81E2-F1DBC9F1460D}.Release|Any CPU.Build.0 = Release|Any CPU
		{CF60A192-F534-46CD-A5A1-26D7A416F21B}.Debug|Any CPU.ActiveCfg = Debug|Any CPU
		{CF60A192-F534-46CD-A5A1-26D7A416F21B}.Debug|Any CPU.Build.0 = Debug|Any CPU
		{CF60A192-F534-46CD-A5A1-26D7A416F21B}.Release|Any CPU.ActiveCfg = Release|Any CPU
		{CF60A192-F534-46CD-A5A1-26D7A416F21B}.Release|Any CPU.Build.0 = Release|Any CPU
	EndGlobalSection
	GlobalSection(SolutionProperties) = preSolution
		HideSolutionNode = FALSE
	EndGlobalSection
	GlobalSection(NestedProjects) = preSolution
		{D8797A88-C050-4F6C-81E2-F1DBC9F1460D} = {451EC411-CCDF-4438-A86E-ACD27A6EB92B}
		{CF60A192-F534-46CD-A5A1-26D7A416F21B} = {451EC411-CCDF-4438-A86E-ACD27A6EB92B}
	EndGlobalSection
	GlobalSection(ExtensibilityGlobals) = postSolution
		SolutionGuid = {1F91DE4E-B6B9-4866-A0E0-78C4F67FD1DD}
	EndGlobalSection
EndGlobal
