
Microsoft Visual Studio Solution File, Format Version 12.00
# Visual Studio Version 17
VisualStudioVersion = 17.5.33627.172
MinimumVisualStudioVersion = 10.0.40219.1
Project("{9A19103F-16F7-4668-BE54-9A1E7A4F7556}") = "二分查找", "二分查找.csproj", "{D8797A88-C050-4F6C-81E2-F1DBC9F1460D}"
EndProject
Project("{2150E333-8FDC-42A3-9474-1A3956D46DE8}") = "数组", "数组", "{451EC411-CCDF-4438-A86E-ACD27A6EB92B}"
	ProjectSection(SolutionItems) = preProject
		C:\Users\Maxwell\Desktop\数组.png = C:\Users\Maxwell\Desktop\数组.png
	EndProjectSection
EndProject
Project("{9A19103F-16F7-4668-BE54-9A1E7A4F7556}") = "双指针", "..\快慢指针\双指针.csproj", "{CF60A192-F534-46CD-A5A1-26D7A416F21B}"
EndProject
Project("{9A19103F-16F7-4668-BE54-9A1E7A4F7556}") = "滑动窗口", "..\滑动窗口\滑动窗口.csproj", "{698E2685-CA9A-43E5-AA46-C0EE8C10174B}"
EndProject
Project("{9A19103F-16F7-4668-BE54-9A1E7A4F7556}") = "螺旋矩阵", "..\螺旋矩阵\螺旋矩阵.csproj", "{151E792A-E16B-4F25-AA39-DA64AE377234}"
EndProject
Project("{2150E333-8FDC-42A3-9474-1A3956D46DE8}") = "链表", "链表", "{4F2C8160-26DF-4254-89E8-9AE633B483D4}"
	ProjectSection(SolutionItems) = preProject
		C:\Users\Maxwell\Desktop\链表.png = C:\Users\Maxwell\Desktop\链表.png
	EndProjectSection
EndProject
Project("{9A19103F-16F7-4668-BE54-9A1E7A4F7556}") = "删除元素", "..\删除元素\删除元素.csproj", "{920585CE-AE7F-4DF7-A84C-F63B1EADC712}"
EndProject
Project("{9A19103F-16F7-4668-BE54-9A1E7A4F7556}") = "设计链表", "..\设计链表\设计链表.csproj", "{8AA8B219-A3B8-4C8C-A7A0-BAC823316009}"
EndProject
Project("{9A19103F-16F7-4668-BE54-9A1E7A4F7556}") = "反转链表", "..\反转链表\反转链表.csproj", "{EF3176ED-9B13-41F7-8B51-1BB46AE7CC3C}"
EndProject
Project("{9A19103F-16F7-4668-BE54-9A1E7A4F7556}") = "交换元素", "..\交换元素\交换元素.csproj", "{AC611C92-60E2-4637-897E-6B5F8C24772C}"
EndProject
Project("{FAE04EC0-301F-11D3-BF4B-00C04F79EFBC}") = "删除倒数第N个元素", "..\删除倒数第N个元素\删除倒数第N个元素.csproj", "{CD73D245-ECD6-46CF-A010-FAD841581981}"
EndProject
Project("{FAE04EC0-301F-11D3-BF4B-00C04F79EFBC}") = "链表相交", "..\链表相交\链表相交.csproj", "{E31185B8-6FA5-4168-9D47-8CD5D3856BE5}"
EndProject
Project("{FAE04EC0-301F-11D3-BF4B-00C04F79EFBC}") = "环形链表", "..\环形链表\环形链表.csproj", "{58C8997D-F880-484C-9681-6818D4A13A72}"
EndProject
Project("{2150E333-8FDC-42A3-9474-1A3956D46DE8}") = "哈希表", "哈希表", "{DD9608EA-0538-4707-8132-B9F7842B1642}"
EndProject
Project("{FAE04EC0-301F-11D3-BF4B-00C04F79EFBC}") = "有效的字母异位词", "..\有效的字母异位词\有效的字母异位词.csproj", "{A8ED3A88-29EF-4E14-84A2-033D62F4342C}"
EndProject
Project("{FAE04EC0-301F-11D3-BF4B-00C04F79EFBC}") = "查找常用字符", "..\查找常用字符\查找常用字符.csproj", "{DDA16E1C-6BF6-4ADD-86B1-4D623E16D254}"
EndProject
Project("{FAE04EC0-301F-11D3-BF4B-00C04F79EFBC}") = "两个数组的交集", "..\两个数组的交集\两个数组的交集.csproj", "{E9FC1195-1510-4CF8-A43A-D29D1789B5B8}"
EndProject
Project("{FAE04EC0-301F-11D3-BF4B-00C04F79EFBC}") = "快乐数", "..\快乐数\快乐数.csproj", "{ED1A983F-C59C-440A-980E-1EB2B482FEA4}"
EndProject
Project("{FAE04EC0-301F-11D3-BF4B-00C04F79EFBC}") = "两数之和", "..\两数之和\两数之和.csproj", "{073E5C64-0038-44E2-9BBF-3C3B2569AA22}"
EndProject
Global
	GlobalSection(SolutionConfigurationPlatforms) = preSolution
		Debug|Any CPU = Debug|Any CPU
		Release|Any CPU = Release|Any CPU
	EndGlobalSection
	GlobalSection(ProjectConfigurationPlatforms) = postSolution
		{D8797A88-C050-4F6C-81E2-F1DBC9F1460D}.Debug|Any CPU.ActiveCfg = Debug|Any CPU
		{D8797A88-C050-4F6C-81E2-F1DBC9F1460D}.Debug|Any CPU.Build.0 = Debug|Any CPU
		{D8797A88-C050-4F6C-81E2-F1DBC9F1460D}.Release|Any CPU.ActiveCfg = Release|Any CPU
		{D8797A88-C050-4F6C-81E2-F1DBC9F1460D}.Release|Any CPU.Build.0 = Release|Any CPU
		{CF60A192-F534-46CD-A5A1-26D7A416F21B}.Debug|Any CPU.ActiveCfg = Debug|Any CPU
		{CF60A192-F534-46CD-A5A1-26D7A416F21B}.Debug|Any CPU.Build.0 = Debug|Any CPU
		{CF60A192-F534-46CD-A5A1-26D7A416F21B}.Release|Any CPU.ActiveCfg = Release|Any CPU
		{CF60A192-F534-46CD-A5A1-26D7A416F21B}.Release|Any CPU.Build.0 = Release|Any CPU
		{698E2685-CA9A-43E5-AA46-C0EE8C10174B}.Debug|Any CPU.ActiveCfg = Debug|Any CPU
		{698E2685-CA9A-43E5-AA46-C0EE8C10174B}.Debug|Any CPU.Build.0 = Debug|Any CPU
		{698E2685-CA9A-43E5-AA46-C0EE8C10174B}.Release|Any CPU.ActiveCfg = Release|Any CPU
		{698E2685-CA9A-43E5-AA46-C0EE8C10174B}.Release|Any CPU.Build.0 = Release|Any CPU
		{151E792A-E16B-4F25-AA39-DA64AE377234}.Debug|Any CPU.ActiveCfg = Debug|Any CPU
		{151E792A-E16B-4F25-AA39-DA64AE377234}.Debug|Any CPU.Build.0 = Debug|Any CPU
		{151E792A-E16B-4F25-AA39-DA64AE377234}.Release|Any CPU.ActiveCfg = Release|Any CPU
		{151E792A-E16B-4F25-AA39-DA64AE377234}.Release|Any CPU.Build.0 = Release|Any CPU
		{920585CE-AE7F-4DF7-A84C-F63B1EADC712}.Debug|Any CPU.ActiveCfg = Debug|Any CPU
		{920585CE-AE7F-4DF7-A84C-F63B1EADC712}.Debug|Any CPU.Build.0 = Debug|Any CPU
		{920585CE-AE7F-4DF7-A84C-F63B1EADC712}.Release|Any CPU.ActiveCfg = Release|Any CPU
		{920585CE-AE7F-4DF7-A84C-F63B1EADC712}.Release|Any CPU.Build.0 = Release|Any CPU
		{8AA8B219-A3B8-4C8C-A7A0-BAC823316009}.Debug|Any CPU.ActiveCfg = Debug|Any CPU
		{8AA8B219-A3B8-4C8C-A7A0-BAC823316009}.Debug|Any CPU.Build.0 = Debug|Any CPU
		{8AA8B219-A3B8-4C8C-A7A0-BAC823316009}.Release|Any CPU.ActiveCfg = Release|Any CPU
		{8AA8B219-A3B8-4C8C-A7A0-BAC823316009}.Release|Any CPU.Build.0 = Release|Any CPU
		{EF3176ED-9B13-41F7-8B51-1BB46AE7CC3C}.Debug|Any CPU.ActiveCfg = Debug|Any CPU
		{EF3176ED-9B13-41F7-8B51-1BB46AE7CC3C}.Debug|Any CPU.Build.0 = Debug|Any CPU
		{EF3176ED-9B13-41F7-8B51-1BB46AE7CC3C}.Release|Any CPU.ActiveCfg = Release|Any CPU
		{EF3176ED-9B13-41F7-8B51-1BB46AE7CC3C}.Release|Any CPU.Build.0 = Release|Any CPU
		{AC611C92-60E2-4637-897E-6B5F8C24772C}.Debug|Any CPU.ActiveCfg = Debug|Any CPU
		{AC611C92-60E2-4637-897E-6B5F8C24772C}.Debug|Any CPU.Build.0 = Debug|Any CPU
		{AC611C92-60E2-4637-897E-6B5F8C24772C}.Release|Any CPU.ActiveCfg = Release|Any CPU
		{AC611C92-60E2-4637-897E-6B5F8C24772C}.Release|Any CPU.Build.0 = Release|Any CPU
		{CD73D245-ECD6-46CF-A010-FAD841581981}.Debug|Any CPU.ActiveCfg = Debug|Any CPU
		{CD73D245-ECD6-46CF-A010-FAD841581981}.Debug|Any CPU.Build.0 = Debug|Any CPU
		{CD73D245-ECD6-46CF-A010-FAD841581981}.Release|Any CPU.ActiveCfg = Release|Any CPU
		{CD73D245-ECD6-46CF-A010-FAD841581981}.Release|Any CPU.Build.0 = Release|Any CPU
		{E31185B8-6FA5-4168-9D47-8CD5D3856BE5}.Debug|Any CPU.ActiveCfg = Debug|Any CPU
		{E31185B8-6FA5-4168-9D47-8CD5D3856BE5}.Debug|Any CPU.Build.0 = Debug|Any CPU
		{E31185B8-6FA5-4168-9D47-8CD5D3856BE5}.Release|Any CPU.ActiveCfg = Release|Any CPU
		{E31185B8-6FA5-4168-9D47-8CD5D3856BE5}.Release|Any CPU.Build.0 = Release|Any CPU
		{58C8997D-F880-484C-9681-6818D4A13A72}.Debug|Any CPU.ActiveCfg = Debug|Any CPU
		{58C8997D-F880-484C-9681-6818D4A13A72}.Debug|Any CPU.Build.0 = Debug|Any CPU
		{58C8997D-F880-484C-9681-6818D4A13A72}.Release|Any CPU.ActiveCfg = Release|Any CPU
		{58C8997D-F880-484C-9681-6818D4A13A72}.Release|Any CPU.Build.0 = Release|Any CPU
		{A8ED3A88-29EF-4E14-84A2-033D62F4342C}.Debug|Any CPU.ActiveCfg = Debug|Any CPU
		{A8ED3A88-29EF-4E14-84A2-033D62F4342C}.Debug|Any CPU.Build.0 = Debug|Any CPU
		{A8ED3A88-29EF-4E14-84A2-033D62F4342C}.Release|Any CPU.ActiveCfg = Release|Any CPU
		{A8ED3A88-29EF-4E14-84A2-033D62F4342C}.Release|Any CPU.Build.0 = Release|Any CPU
		{DDA16E1C-6BF6-4ADD-86B1-4D623E16D254}.Debug|Any CPU.ActiveCfg = Debug|Any CPU
		{DDA16E1C-6BF6-4ADD-86B1-4D623E16D254}.Debug|Any CPU.Build.0 = Debug|Any CPU
		{DDA16E1C-6BF6-4ADD-86B1-4D623E16D254}.Release|Any CPU.ActiveCfg = Release|Any CPU
		{DDA16E1C-6BF6-4ADD-86B1-4D623E16D254}.Release|Any CPU.Build.0 = Release|Any CPU
		{E9FC1195-1510-4CF8-A43A-D29D1789B5B8}.Debug|Any CPU.ActiveCfg = Debug|Any CPU
		{E9FC1195-1510-4CF8-A43A-D29D1789B5B8}.Debug|Any CPU.Build.0 = Debug|Any CPU
		{E9FC1195-1510-4CF8-A43A-D29D1789B5B8}.Release|Any CPU.ActiveCfg = Release|Any CPU
		{E9FC1195-1510-4CF8-A43A-D29D1789B5B8}.Release|Any CPU.Build.0 = Release|Any CPU
		{ED1A983F-C59C-440A-980E-1EB2B482FEA4}.Debug|Any CPU.ActiveCfg = Debug|Any CPU
		{ED1A983F-C59C-440A-980E-1EB2B482FEA4}.Debug|Any CPU.Build.0 = Debug|Any CPU
		{ED1A983F-C59C-440A-980E-1EB2B482FEA4}.Release|Any CPU.ActiveCfg = Release|Any CPU
		{ED1A983F-C59C-440A-980E-1EB2B482FEA4}.Release|Any CPU.Build.0 = Release|Any CPU
		{073E5C64-0038-44E2-9BBF-3C3B2569AA22}.Debug|Any CPU.ActiveCfg = Debug|Any CPU
		{073E5C64-0038-44E2-9BBF-3C3B2569AA22}.Debug|Any CPU.Build.0 = Debug|Any CPU
		{073E5C64-0038-44E2-9BBF-3C3B2569AA22}.Release|Any CPU.ActiveCfg = Release|Any CPU
		{073E5C64-0038-44E2-9BBF-3C3B2569AA22}.Release|Any CPU.Build.0 = Release|Any CPU
	EndGlobalSection
	GlobalSection(SolutionProperties) = preSolution
		HideSolutionNode = FALSE
	EndGlobalSection
	GlobalSection(NestedProjects) = preSolution
		{D8797A88-C050-4F6C-81E2-F1DBC9F1460D} = {451EC411-CCDF-4438-A86E-ACD27A6EB92B}
		{CF60A192-F534-46CD-A5A1-26D7A416F21B} = {451EC411-CCDF-4438-A86E-ACD27A6EB92B}
		{698E2685-CA9A-43E5-AA46-C0EE8C10174B} = {451EC411-CCDF-4438-A86E-ACD27A6EB92B}
		{151E792A-E16B-4F25-AA39-DA64AE377234} = {451EC411-CCDF-4438-A86E-ACD27A6EB92B}
		{920585CE-AE7F-4DF7-A84C-F63B1EADC712} = {4F2C8160-26DF-4254-89E8-9AE633B483D4}
		{8AA8B219-A3B8-4C8C-A7A0-BAC823316009} = {4F2C8160-26DF-4254-89E8-9AE633B483D4}
		{EF3176ED-9B13-41F7-8B51-1BB46AE7CC3C} = {4F2C8160-26DF-4254-89E8-9AE633B483D4}
		{AC611C92-60E2-4637-897E-6B5F8C24772C} = {4F2C8160-26DF-4254-89E8-9AE633B483D4}
		{CD73D245-ECD6-46CF-A010-FAD841581981} = {4F2C8160-26DF-4254-89E8-9AE633B483D4}
		{E31185B8-6FA5-4168-9D47-8CD5D3856BE5} = {4F2C8160-26DF-4254-89E8-9AE633B483D4}
		{58C8997D-F880-484C-9681-6818D4A13A72} = {4F2C8160-26DF-4254-89E8-9AE633B483D4}
		{A8ED3A88-29EF-4E14-84A2-033D62F4342C} = {DD9608EA-0538-4707-8132-B9F7842B1642}
		{DDA16E1C-6BF6-4ADD-86B1-4D623E16D254} = {DD9608EA-0538-4707-8132-B9F7842B1642}
		{E9FC1195-1510-4CF8-A43A-D29D1789B5B8} = {DD9608EA-0538-4707-8132-B9F7842B1642}
		{ED1A983F-C59C-440A-980E-1EB2B482FEA4} = {DD9608EA-0538-4707-8132-B9F7842B1642}
		{073E5C64-0038-44E2-9BBF-3C3B2569AA22} = {DD9608EA-0538-4707-8132-B9F7842B1642}
	EndGlobalSection
	GlobalSection(ExtensibilityGlobals) = postSolution
		SolutionGuid = {1F91DE4E-B6B9-4866-A0E0-78C4F67FD1DD}
	EndGlobalSection
EndGlobal
